
Microsoft Visual Studio Solution File, Format Version 12.00
# Visual Studio Version 17
VisualStudioVersion = 17.8.34309.116
MinimumVisualStudioVersion = 10.0.40219.1
Project("{FAE04EC0-301F-11D3-BF4B-00C04F79EFBC}") = "task", "task\task.csproj", "{DED66973-91BA-46AC-93CE-ED401A983CE6}"
EndProject
Project("{FAE04EC0-301F-11D3-BF4B-00C04F79EFBC}") = "Core", "Core\Core.csproj", "{7473E4A3-9C93-4C55-AEC5-F5E45A4B5501}"
EndProject
Global
	GlobalSection(SolutionConfigurationPlatforms) = preSolution
		Debug|Any CPU = Debug|Any CPU
		Release|Any CPU = Release|Any CPU
	EndGlobalSection
	GlobalSection(ProjectConfigurationPlatforms) = postSolution
		{DED66973-91BA-46AC-93CE-ED401A983CE6}.Debug|Any CPU.ActiveCfg = Debug|Any CPU
		{DED66973-91BA-46AC-93CE-ED401A983CE6}.Debug|Any CPU.Build.0 = Debug|Any CPU
		{DED66973-91BA-46AC-93CE-ED401A983CE6}.Release|Any CPU.ActiveCfg = Release|Any CPU
		{DED66973-91BA-46AC-93CE-ED401A983CE6}.Release|Any CPU.Build.0 = Release|Any CPU
		{7473E4A3-9C93-4C55-AEC5-F5E45A4B5501}.Debug|Any CPU.ActiveCfg = Debug|Any CPU
		{7473E4A3-9C93-4C55-AEC5-F5E45A4B5501}.Debug|Any CPU.Build.0 = Debug|Any CPU
		{7473E4A3-9C93-4C55-AEC5-F5E45A4B5501}.Release|Any CPU.ActiveCfg = Release|Any CPU
		{7473E4A3-9C93-4C55-AEC5-F5E45A4B5501}.Release|Any CPU.Build.0 = Release|Any CPU
	EndGlobalSection
	GlobalSection(SolutionProperties) = preSolution
		HideSolutionNode = FALSE
	EndGlobalSection
	GlobalSection(ExtensibilityGlobals) = postSolution
		SolutionGuid = {4D1F28A6-1D84-42E0-9946-C4834644C34B}
	EndGlobalSection
EndGlobal
